
Microsoft Visual Studio Solution File, Format Version 12.00
# Visual Studio Version 16
VisualStudioVersion = 16.0.30523.141
MinimumVisualStudioVersion = 10.0.40219.1
Project("{FAE04EC0-301F-11D3-BF4B-00C04F79EFBC}") = "XmlSimpleParser", "XmlSimpleParser\XmlSimpleParser.csproj", "{4084BBE1-024D-4B54-9A17-7354191DF667}"
EndProject
Global
	GlobalSection(SolutionConfigurationPlatforms) = preSolution
		Debug|Any CPU = Debug|Any CPU
		Release|Any CPU = Release|Any CPU
	EndGlobalSection
	GlobalSection(ProjectConfigurationPlatforms) = postSolution
		{4084BBE1-024D-4B54-9A17-7354191DF667}.Debug|Any CPU.ActiveCfg = Debug|Any CPU
		{4084BBE1-024D-4B54-9A17-7354191DF667}.Debug|Any CPU.Build.0 = Debug|Any CPU
		{4084BBE1-024D-4B54-9A17-7354191DF667}.Release|Any CPU.ActiveCfg = Release|Any CPU
		{4084BBE1-024D-4B54-9A17-7354191DF667}.Release|Any CPU.Build.0 = Release|Any CPU
	EndGlobalSection
	GlobalSection(SolutionProperties) = preSolution
		HideSolutionNode = FALSE
	EndGlobalSection
	GlobalSection(ExtensibilityGlobals) = postSolution
		SolutionGuid = {6A1ABCD4-B155-4AEB-B574-B5D9B20FD44C}
	EndGlobalSection
EndGlobal
